<Solution>
  <Project Path="Assembly-CSharp.csproj" />
  <Project Path="Boxophobic.Utils.Editor.csproj" />
  <Project Path="Unity.Multiplayer.Center.Editor.csproj" />
  <Project Path="UnityEngine.UI.csproj" />
  <Project Path="UnityEditor.TestRunner.csproj" />
  <Project Path="UnityEngine.TestRunner.csproj" />
  <Project Path="Unity.TextMeshPro.Editor.csproj" />
  <Project Path="RoadArchitect.csproj" />
  <Project Path="Boxophobic.Utils.Scripts.csproj" />
  <Project Path="UnityEditor.UI.csproj" />
  <Project Path="Unity.TextMeshPro.csproj" />
  <Project Path="Unity.Multiplayer.Center.Common.csproj" />
  <Project Path="Boxophobic.SkyboxCubemapExtended.Editor.csproj" />
</Solution>
